
Microsoft Visual Studio Solution File, Format Version 12.00
# Visual Studio Version 17
VisualStudioVersion = 17.5.33530.505
MinimumVisualStudioVersion = 10.0.40219.1
Project("{FAE04EC0-301F-11D3-BF4B-00C04F79EFBC}") = "Game", "Game\Game.csproj", "{DA90DD72-2E1B-4061-846C-E2080F61E8D4}"
EndProject
Project("{FAE04EC0-301F-11D3-BF4B-00C04F79EFBC}") = "ExtensionMethods", "ExtensionMethods\ExtensionMethods.csproj", "{FFCC1E0B-C3A7-4BB6-85A0-1875E359BAA7}"
EndProject
Global
	GlobalSection(SolutionConfigurationPlatforms) = preSolution
		Debug|Any CPU = Debug|Any CPU
		Release|Any CPU = Release|Any CPU
	EndGlobalSection
	GlobalSection(ProjectConfigurationPlatforms) = postSolution
		{DA90DD72-2E1B-4061-846C-E2080F61E8D4}.Debug|Any CPU.ActiveCfg = Debug|Any CPU
		{DA90DD72-2E1B-4061-846C-E2080F61E8D4}.Debug|Any CPU.Build.0 = Debug|Any CPU
		{DA90DD72-2E1B-4061-846C-E2080F61E8D4}.Release|Any CPU.ActiveCfg = Release|Any CPU
		{DA90DD72-2E1B-4061-846C-E2080F61E8D4}.Release|Any CPU.Build.0 = Release|Any CPU
		{FFCC1E0B-C3A7-4BB6-85A0-1875E359BAA7}.Debug|Any CPU.ActiveCfg = Debug|Any CPU
		{FFCC1E0B-C3A7-4BB6-85A0-1875E359BAA7}.Debug|Any CPU.Build.0 = Debug|Any CPU
		{FFCC1E0B-C3A7-4BB6-85A0-1875E359BAA7}.Release|Any CPU.ActiveCfg = Release|Any CPU
		{FFCC1E0B-C3A7-4BB6-85A0-1875E359BAA7}.Release|Any CPU.Build.0 = Release|Any CPU
	EndGlobalSection
	GlobalSection(SolutionProperties) = preSolution
		HideSolutionNode = FALSE
	EndGlobalSection
	GlobalSection(ExtensibilityGlobals) = postSolution
		SolutionGuid = {DD516848-D359-4EFA-A69B-106326A5E3ED}
	EndGlobalSection
EndGlobal
